
Microsoft Visual Studio Solution File, Format Version 10.00
# Visual Studio 2008
Project("{FAE04EC0-301F-11D3-BF4B-00C04F79EFBC}") = "Animation", "Animation\Animation.csproj", "{79BCBECC-98B9-46EA-A530-854126DE8ACC}"
EndProject
Global
	GlobalSection(SolutionConfigurationPlatforms) = preSolution
		Debug|Any CPU = Debug|Any CPU
		Release|Any CPU = Release|Any CPU
	EndGlobalSection
	GlobalSection(ProjectConfigurationPlatforms) = postSolution
		{79BCBECC-98B9-46EA-A530-854126DE8ACC}.Debug|Any CPU.ActiveCfg = Debug|Any CPU
		{79BCBECC-98B9-46EA-A530-854126DE8ACC}.Debug|Any CPU.Build.0 = Debug|Any CPU
		{79BCBECC-98B9-46EA-A530-854126DE8ACC}.Release|Any CPU.ActiveCfg = Release|Any CPU
		{79BCBECC-98B9-46EA-A530-854126DE8ACC}.Release|Any CPU.Build.0 = Release|Any CPU
	EndGlobalSection
	GlobalSection(SolutionProperties) = preSolution
		HideSolutionNode = FALSE
	EndGlobalSection
EndGlobal
